{
  "name": "chairmaggedon",
  "version": "1.0.0",
  "lockfileVersion": 1,
  "requires": true,
  "dependencies": {
    "@types/json-schema": {
      "version": "7.0.15",
      "resolved": "https://registry.npmjs.org/@types/json-schema/-/json-schema-7.0.15.tgz",
      "integrity": "sha512-5+fP8P8MFNC+AyZCDxrB2pkZFPGzqQWUzpSeuuVLvm8VMcorNYavBqoFcxK8bQz4Qsbn4oUEEem4wDLfcysGHA==",
      "dev": true
    },
    "ajv-formats": {
      "version": "2.1.1",
      "resolved": "https://registry.npmjs.org/ajv-formats/-/ajv-formats-2.1.1.tgz",
      "integrity": "sha512-Wx0Kx52hxE7C18hkMEggYlEifqWZtYaRgouJor+WMdPnQyEK13vgEWyVNup7SoeeoLMsr4kf5h6dOW11I15MUA==",
      "dev": true,
      "requires": {
        "ajv": "^8.0.0"
      },
      "dependencies": {
        "ajv": {
          "version": "8.12.0",
          "resolved": "https://registry.npmjs.org/ajv/-/ajv-8.12.0.tgz",
          "integrity": "sha512-sRu1kpcO9yLtYxBKvqfTeh9KzZEwO3STyX1HT+4CaDzC6HpTGYhIhPIzj9XuKU7KYDwnaeh5hcOwjy1QuJzBPA==",
          "dev": true,
          "requires": {
            "fast-deep-equal": "^3.1.1",
            "json-schema-traverse": "^1.0.0",
            "require-from-string": "^2.0.2",
            "uri-js": "^4.2.2"
          }
        }
      }
    },
    "babel-cli": {
      "version": "6.9.0",
      "resolved": "https://registry.npmjs.org/babel-cli/-/babel-cli-6.9.0.tgz",
      "integrity": "sha1-M3RLTccS7Ra7Mxcv820qn/nXT2A=",
      "dev": true,
      "dependencies": {
        "chalk": {
          "version": "1.1.1",
          "resolved": "https://registry.npmjs.org/chalk/-/chalk-1.1.1.tgz",
          "integrity": "sha1-UJr7ZwZudJn36zU1x3RFdyri0Bk="
        }
      }
    },
    "babel-core": {
      "version": "6.9.0",
      "resolved": "https://registry.npmjs.org/babel-core/-/babel-core-6.9.0.tgz",
      "integrity": "sha1-04wiGw7QLmKKGxDaqSAVGCEnLUE=",
      "dev": true
    },
    "babel-loader": {
      "version": "6.2.4",
      "resolved": "https://registry.npmjs.org/babel-loader/-/babel-loader-6.2.4.tgz",
      "integrity": "sha1-qnCv+N3CI6WVLoOaQ6bDpMi/oek=",
      "dev": true
    },
    "babel-plugin-react-display-name": {
      "version": "2.0.0",
      "resolved": "https://registry.npmjs.org/babel-plugin-react-display-name/-/babel-plugin-react-display-name-2.0.0.tgz",
      "integrity": "sha1-BlKbkJjxPCrivyP+30/gad1W9S8=",
      "dev": true
    },
    "babel-plugin-react-transform": {
      "version": "2.0.2",
      "resolved": "https://registry.npmjs.org/babel-plugin-react-transform/-/babel-plugin-react-transform-2.0.2.tgz",
      "integrity": "sha1-UVu/qZaJOYEULZCx+bFjXeKZUQk=",
      "dev": true
    },
    "babel-preset-es2015": {
      "version": "6.9.0",
      "resolved": "https://registry.npmjs.org/babel-preset-es2015/-/babel-preset-es2015-6.9.0.tgz",
      "integrity": "sha1-leRxasRIHfswmZy1wRGBThraD0E=",
      "dev": true
    },
    "babel-preset-react": {
      "version": "6.5.0",
      "resolved": "https://registry.npmjs.org/babel-preset-react/-/babel-preset-react-6.5.0.tgz",
      "integrity": "sha1-0yiaoOMI29SLchD5l3EB8Pluvh8=",
      "dev": true
    },
    "babel-preset-react-hmre": {
      "version": "1.1.1",
      "resolved": "https://registry.npmjs.org/babel-preset-react-hmre/-/babel-preset-react-hmre-1.1.1.tgz",
      "integrity": "sha1-0hbmDLW41Mhz4Z7Q9U6v8UN7xJI=",
      "dev": true
    },
    "babel-preset-stage-1": {
      "version": "6.5.0",
      "resolved": "https://registry.npmjs.org/babel-preset-stage-1/-/babel-preset-stage-1-6.5.0.tgz",
      "integrity": "sha1-crwt4/r1xrPEeQq9K8He4O8F2nA=",
      "dev": true
    },
    "babel-preset-stage-3": {
      "version": "6.5.0",
      "resolved": "https://registry.npmjs.org/babel-preset-stage-3/-/babel-preset-stage-3-6.5.0.tgz",
      "integrity": "sha1-VC2sWGhNrRsLxK7oW6UoUcxudcw=",
      "dev": true
    },
    "babel-register": {
      "version": "6.9.0",
      "resolved": "https://registry.npmjs.org/babel-register/-/babel-register-6.9.0.tgz",
      "integrity": "sha1-3V81cu9b1AgsoFRx6ULkqRsWL/A=",
      "dev": true,
      "dependencies": {
        "core-js": {
          "version": "2.4.1",
          "resolved": "https://registry.npmjs.org/core-js/-/core-js-2.4.1.tgz",
          "integrity": "sha1-TekR5mew6ukSTjQlS1OupvxhjT4="
        }
      }
    },
    "browser-sync": {
      "version": "2.12.8",
      "resolved": "https://registry.npmjs.org/browser-sync/-/browser-sync-2.12.8.tgz",
      "integrity": "sha1-A5vGHs8qxQqkMTrDMyadR1RW/AQ=",
      "dev": true,
      "dependencies": {
        "chokidar": {
          "version": "1.4.3",
          "resolved": "https://registry.npmjs.org/chokidar/-/chokidar-1.4.3.tgz",
          "integrity": "sha1-X+czpNmsrqUbJkVLfllVkWPQ27I="
        },
        "lodash": {
          "version": "4.10.0",
          "resolved": "https://registry.npmjs.org/lodash/-/lodash-4.10.0.tgz",
          "integrity": "sha1-PY86x6WpBP2wHiz+FAGHm/llLGo="
        },
        "micromatch": {
          "version": "2.3.7",
          "resolved": "https://registry.npmjs.org/micromatch/-/micromatch-2.3.7.tgz",
          "integrity": "sha1-Ly6F70YUDb6my1XnObaxGzDqpQk="
        },
        "qs": {
          "version": "6.1.0",
          "resolved": "https://registry.npmjs.org/qs/-/qs-6.1.0.tgz",
          "integrity": "sha1-7B0WJrJCeNmfD99FSeUk4k7O6yY="
        },
        "ua-parser-js": {
          "version": "0.7.10",
          "resolved": "https://registry.npmjs.org/ua-parser-js/-/ua-parser-js-0.7.10.tgz",
          "integrity": "sha1-kXVZ3czgfLwJ7OfYBJXkwmj0758="
        }
      }
    },
    "chai": {
      "version": "3.5.0",
      "resolved": "https://registry.npmjs.org/chai/-/chai-3.5.0.tgz",
      "integrity": "sha1-TQJjewZ/6Vi9v906QOxW/vc3Mkc=",
      "dev": true
    },
    "chalk": {
      "version": "1.1.3",
      "resolved": "https://registry.npmjs.org/chalk/-/chalk-1.1.3.tgz",
      "integrity": "sha1-qBFcVeSnAv5NFQq9OHKCKn4J/Jg=",
      "dev": true
    },
    "cheerio": {
      "version": "0.20.0",
      "resolved": "https://registry.npmjs.org/cheerio/-/cheerio-0.20.0.tgz",
      "integrity": "sha1-XHEPK6uVZTJyhCugHG6mGzVF7DU=",
      "dev": true
    },
    "colorette": {
      "version": "2.0.20",
      "resolved": "https://registry.npmjs.org/colorette/-/colorette-2.0.20.tgz",
      "integrity": "sha512-IfEDxwoWIjkeXL1eXcDiow4UbKjhLdq6/EuSVR9GMN7KVH3r9gQ83e73hsz1Nd1T3ijd5xv1wcWRYO+D6kCI2w==",
      "dev": true
    },
    "connect-history-api-fallback": {
      "version": "1.2.0",
      "resolved": "https://registry.npmjs.org/connect-history-api-fallback/-/connect-history-api-fallback-1.2.0.tgz",
      "integrity": "sha1-30qLBeQDYvW1mKHApqoBLyFHHUA=",
      "dev": true
    },
    "cross-env": {
      "version": "1.0.7",
      "resolved": "https://registry.npmjs.org/cross-env/-/cross-env-1.0.7.tgz",
      "integrity": "sha1-3WzqE7Md9P+rRZE0PmBeNwGCZH4=",
      "dev": true,
      "dependencies": {
        "lodash.assign": {
          "version": "3.2.0",
          "resolved": "https://registry.npmjs.org/lodash.assign/-/lodash.assign-3.2.0.tgz",
          "integrity": "sha1-POnwI0tLIiPilrj6CsH+6OvKZPo="
        }
      }
    },
    "css-loader": {
      "version": "0.23.1",
      "resolved": "https://registry.npmjs.org/css-loader/-/css-loader-0.23.1.tgz",
      "integrity": "sha1-n6I/K1wJZSNZEK1ezvO4o2OQ/lA=",
      "dev": true
    },
    "enzyme": {
      "version": "2.3.0",
      "resolved": "https://registry.npmjs.org/enzyme/-/enzyme-2.3.0.tgz",
      "integrity": "sha1-LLwMN9PMBnt9G4sLUc9ueWHlIN4=",
      "dev": true
    },
    "eslint": {
      "version": "2.10.2",
      "resolved": "https://registry.npmjs.org/eslint/-/eslint-2.10.2.tgz",
      "integrity": "sha1-sjCUgv7wQ9MgM2WjIShebM4Bw9c=",
      "dev": true,
      "dependencies": {
        "estraverse": {
          "version": "4.2.0",
          "resolved": "https://registry.npmjs.org/estraverse/-/estraverse-4.2.0.tgz",
          "integrity": "sha1-De4/7TH81GlhjOc0IJn8GvoL2xM="
        },
        "glob": {
          "version": "7.1.2",
          "resolved": "https://registry.npmjs.org/glob/-/glob-7.1.2.tgz",
          "integrity": "sha512-MJTUg1kjuLeQCJ+ccE4Vpa6kKVXkPYJ2mOCQyUuKLcLQsdrMCpBPUi8qVE6+YuaJkozeA9NusTAw3hLr8Xe5EQ=="
        },
        "minimatch": {
          "version": "3.0.4",
          "resolved": "https://registry.npmjs.org/minimatch/-/minimatch-3.0.4.tgz",
          "integrity": "sha512-yJHVQEhyqPLUTgt9B83PXu6W3rx4MvvHvSUvToogpwoGDOUQ+yDrR0HRot+yOCdCO7u4hX3pWft6kWBBcqh0UA=="
        },
        "user-home": {
          "version": "2.0.0",
          "resolved": "https://registry.npmjs.org/user-home/-/user-home-2.0.0.tgz",
          "integrity": "sha1-nHC/2Babwdy/SGBODwS4tJzenp8="
        }
      }
    },
    "eslint-config-airbnb": {
      "version": "9.0.1",
      "resolved": "https://registry.npmjs.org/eslint-config-airbnb/-/eslint-config-airbnb-9.0.1.tgz",
      "integrity": "sha1-ZwgXDVA0tXnVKRP+Sd7i9/7H2JQ=",
      "dev": true
    },
    "eslint-plugin-import": {
      "version": "1.8.0",
      "resolved": "https://registry.npmjs.org/eslint-plugin-import/-/eslint-plugin-import-1.8.0.tgz",
      "integrity": "sha1-R+aB97Jt7PqU1czbVYRBOHDPFKg=",
      "dev": true,
      "dependencies": {
        "doctrine": {
          "version": "1.2.3",
          "resolved": "https://registry.npmjs.org/doctrine/-/doctrine-1.2.3.tgz",
          "integrity": "sha1-auxrvWLPid1JjK5wwO2fSdqHOmo="
        }
      }
    },
    "eslint-plugin-jsx-a11y": {
      "version": "1.2.2",
      "resolved": "https://registry.npmjs.org/eslint-plugin-jsx-a11y/-/eslint-plugin-jsx-a11y-1.2.2.tgz",
      "integrity": "sha1-K1b4LzZHoq4Tp9xr5m7PTAj80ww=",
      "dev": true
    },
    "eslint-plugin-react": {
      "version": "5.1.1",
      "resolved": "https://registry.npmjs.org/eslint-plugin-react/-/eslint-plugin-react-5.1.1.tgz",
      "integrity": "sha1-hpsdwHijT+fqsfWHwrw82Zi+/dY=",
      "dev": true
    },
    "eslint-watch": {
      "version": "2.1.11",
      "resolved": "https://registry.npmjs.org/eslint-watch/-/eslint-watch-2.1.11.tgz",
      "integrity": "sha1-pmqDW6pThh3V5Ffhmd26l3LHekU=",
      "dev": true,
      "dependencies": {
        "lodash": {
          "version": "3.10.1",
          "resolved": "https://registry.npmjs.org/lodash/-/lodash-3.10.1.tgz",
          "integrity": "sha1-W/Rejkm6QYnhfUgnid/RW9FAt7Y="
        }
      }
    },
    "extract-text-webpack-plugin": {
      "version": "1.0.1",
      "resolved": "https://registry.npmjs.org/extract-text-webpack-plugin/-/extract-text-webpack-plugin-1.0.1.tgz",
      "integrity": "sha1-yVvzy6rEnclvHcbgclSfu2VMzSw=",
      "dev": true,
      "dependencies": {
        "async": {
          "version": "1.5.2",
          "resolved": "https://registry.npmjs.org/async/-/async-1.5.2.tgz",
          "integrity": "sha1-7GphrlZIDAw8skHJVhjiCJL5Zyo="
        }
      }
    },
    "fast-deep-equal": {
      "version": "3.1.3",
      "resolved": "https://registry.npmjs.org/fast-deep-equal/-/fast-deep-equal-3.1.3.tgz",
      "integrity": "sha512-f3qQ9oQy9j2AhBe/H9VC91wLmKBCCU/gDOnKNAYG5hswO7BLKj09Hc5HYNz9cGI++xlpDCIgDaitVs03ATR84Q==",
      "dev": true
    },
    "file-loader": {
      "version": "0.8.5",
      "resolved": "https://registry.npmjs.org/file-loader/-/file-loader-0.8.5.tgz",
      "integrity": "sha1-knXQMf54DyfUf19K8CvUNxPMFRs=",
      "dev": true
    },
    "fs-monkey": {
      "version": "1.0.5",
      "resolved": "https://registry.npmjs.org/fs-monkey/-/fs-monkey-1.0.5.tgz",
      "integrity": "sha512-8uMbBjrhzW76TYgEV27Y5E//W2f/lTFmx78P2w19FZSxarhI/798APGQyuGCwmkNxgwGRhrLfvWyLBvNtuOmew==",
      "dev": true
    },
    "json-schema-traverse": {
      "version": "1.0.0",
      "resolved": "https://registry.npmjs.org/json-schema-traverse/-/json-schema-traverse-1.0.0.tgz",
      "integrity": "sha512-NM8/P9n3XjXhIZn1lLhkFaACTOURQXjWhV4BA/RnOv8xvgqtqpAX9IO4mRQxSx1Rlo4tqzeqb0sOlruaOy3dug==",
      "dev": true
    },
    "material-ui": {
      "version": "0.15.0",
      "resolved": "https://registry.npmjs.org/material-ui/-/material-ui-0.15.0.tgz",
      "integrity": "sha1-6AnYz3gdiSYYOCcEFvy+ElHUipU="
    },
    "memfs": {
      "version": "3.5.3",
      "resolved": "https://registry.npmjs.org/memfs/-/memfs-3.5.3.tgz",
      "integrity": "sha512-UERzLsxzllchadvbPs5aolHh65ISpKpM+ccLbOJ8/vvpBKmAWf+la7dXFy7Mr0ySHbdHrFv5kGFCUHHe6GFEmw==",
      "dev": true,
      "requires": {
        "fs-monkey": "^1.0.4"
      }
    },
    "mocha": {
      "version": "2.4.5",
      "resolved": "https://registry.npmjs.org/mocha/-/mocha-2.4.5.tgz",
      "integrity": "sha1-FRdo3Sh161G8gpXpgAAm6fK7OY8=",
      "dev": true,
      "dependencies": {
        "commander": {
          "version": "2.3.0",
          "resolved": "https://registry.npmjs.org/commander/-/commander-2.3.0.tgz",
          "integrity": "sha1-/UMOiJgy7DU7ms0d4hfBHLPu+HM="
        },
        "debug": {
          "version": "2.2.0",
          "resolved": "https://registry.npmjs.org/debug/-/debug-2.2.0.tgz",
          "integrity": "sha1-+HBX6ZWxofauaklgZkE3vFbwOdo="
        },
        "escape-string-regexp": {
          "version": "1.0.2",
          "resolved": "https://registry.npmjs.org/escape-string-regexp/-/escape-string-regexp-1.0.2.tgz",
          "integrity": "sha1-Tbwv5nTnGUnK8/smlc5/LcHZqNE="
        },
        "glob": {
          "version": "3.2.3",
          "resolved": "https://registry.npmjs.org/glob/-/glob-3.2.3.tgz",
          "integrity": "sha1-4xPusknHr/qlxHUoaw4RW1mDlGc="
        },
        "graceful-fs": {
          "version": "2.0.3",
          "resolved": "https://registry.npmjs.org/graceful-fs/-/graceful-fs-2.0.3.tgz",
          "integrity": "sha1-fNLNsiiko/Nule+mzBQt59GhNtA="
        },
        "minimatch": {
          "version": "0.2.14",
          "resolved": "https://registry.npmjs.org/minimatch/-/minimatch-0.2.14.tgz",
          "integrity": "sha1-x054BXT2PG+aCQ6Q775u9TpqdWo="
        },
        "ms": {
          "version": "0.7.1",
          "resolved": "https://registry.npmjs.org/ms/-/ms-0.7.1.tgz",
          "integrity": "sha1-nNE8A62/8ltl7/3nzoZO6VIBcJg="
        },
        "supports-color": {
          "version": "1.2.0",
          "resolved": "https://registry.npmjs.org/supports-color/-/supports-color-1.2.0.tgz",
          "integrity": "sha1-/x7R5hFp0Gs88tWI4YixjYhH4X4="
        }
      }
    },
    "node-sass": {
      "version": "3.7.0",
      "resolved": "https://registry.npmjs.org/node-sass/-/node-sass-3.7.0.tgz",
      "integrity": "sha1-CaGCSy9g66UIWZi3Py1g1B8gn/w=",
      "dev": true,
      "dependencies": {
        "cross-spawn-async": {
          "version": "2.2.5",
          "resolved": "https://registry.npmjs.org/cross-spawn-async/-/cross-spawn-async-2.2.5.tgz",
          "integrity": "sha1-hF/wwINKPe2dFg2sptOQkGuyiMw="
        },
        "glob": {
          "version": "7.1.2",
          "resolved": "https://registry.npmjs.org/glob/-/glob-7.1.2.tgz",
          "integrity": "sha512-MJTUg1kjuLeQCJ+ccE4Vpa6kKVXkPYJ2mOCQyUuKLcLQsdrMCpBPUi8qVE6+YuaJkozeA9NusTAw3hLr8Xe5EQ=="
        },
        "lru-cache": {
          "version": "4.1.1",
          "resolved": "https://registry.npmjs.org/lru-cache/-/lru-cache-4.1.1.tgz",
          "integrity": "sha512-q4spe4KTfsAS1SUHLO0wz8Qiyf1+vMIAgpRYioFYDMNqKfHQbg+AVDH3i4fvpl71/P1L0dBl+fQi+P37UYf0ew=="
        },
        "minimatch": {
          "version": "3.0.4",
          "resolved": "https://registry.npmjs.org/minimatch/-/minimatch-3.0.4.tgz",
          "integrity": "sha512-yJHVQEhyqPLUTgt9B83PXu6W3rx4MvvHvSUvToogpwoGDOUQ+yDrR0HRot+yOCdCO7u4hX3pWft6kWBBcqh0UA=="
        }
      }
    },
    "npm-run-all": {
      "version": "2.1.1",
      "resolved": "https://registry.npmjs.org/npm-run-all/-/npm-run-all-2.1.1.tgz",
      "integrity": "sha1-EdKnCZEwwyfUJJnWvSi+lOR51Ek=",
      "dev": true,
      "dependencies": {
        "minimatch": {
          "version": "3.0.4",
          "resolved": "https://registry.npmjs.org/minimatch/-/minimatch-3.0.4.tgz",
          "integrity": "sha512-yJHVQEhyqPLUTgt9B83PXu6W3rx4MvvHvSUvToogpwoGDOUQ+yDrR0HRot+yOCdCO7u4hX3pWft6kWBBcqh0UA=="
        }
      }
    },
    "object-assign": {
      "version": "4.1.0",
      "resolved": "https://registry.npmjs.org/object-assign/-/object-assign-4.1.0.tgz",
      "integrity": "sha1-ejs9DpgGPUP0wD8uiubNUahog6A="
    },
    "react": {
      "version": "15.1.0",
      "resolved": "https://registry.npmjs.org/react/-/react-15.1.0.tgz",
      "integrity": "sha1-X3qfCFoAUJiY79KyTLEuod+vi0A="
    },
    "react-addons-css-transition-group": {
      "version": "15.1.0",
      "resolved": "https://registry.npmjs.org/react-addons-css-transition-group/-/react-addons-css-transition-group-15.1.0.tgz",
      "integrity": "sha1-BXAkppk4akeh/35IshOKCtApHxQ="
    },
    "react-addons-test-utils": {
      "version": "15.1.0",
      "resolved": "https://registry.npmjs.org/react-addons-test-utils/-/react-addons-test-utils-15.1.0.tgz",
      "integrity": "sha1-7ZqyqZ7PBKzJnu6hCzCBBes7GDw=",
      "dev": true
    },
    "react-dom": {
      "version": "15.1.0",
      "resolved": "https://registry.npmjs.org/react-dom/-/react-dom-15.1.0.tgz",
      "integrity": "sha1-0MKyTItHpBornsdmZi1OaG81MVM="
    },
    "react-redux": {
      "version": "4.4.5",
      "resolved": "https://registry.npmjs.org/react-redux/-/react-redux-4.4.5.tgz",
      "integrity": "sha1-9QmimBviJS0QxinvfFWTR6SuxFc="
    },
    "react-redux-loading-bar": {
      "version": "2.0.0",
      "resolved": "https://registry.npmjs.org/react-redux-loading-bar/-/react-redux-loading-bar-2.0.0.tgz",
      "integrity": "sha1-FKdIJP9QoPT1I3dULl0rh0WbqoI=",
      "dev": true
    },
    "react-render-visualizer": {
      "version": "0.2.2",
      "resolved": "https://registry.npmjs.org/react-render-visualizer/-/react-render-visualizer-0.2.2.tgz",
      "integrity": "sha1-0mmd2vAqxVzuGo3TMP8ffqCIdEQ=",
      "dev": true
    },
    "react-router": {
      "version": "2.4.1",
      "resolved": "https://registry.npmjs.org/react-router/-/react-router-2.4.1.tgz",
      "integrity": "sha1-uugVzXS5xRIZLZ0XoSdvVGJXR3U="
    },
    "react-tap-event-plugin": {
      "version": "1.0.0",
      "resolved": "https://registry.npmjs.org/react-tap-event-plugin/-/react-tap-event-plugin-1.0.0.tgz",
      "integrity": "sha1-eiSFBanpq+zDUrLasxPRdoXFGt8=",
      "dependencies": {
        "fbjs": {
          "version": "0.2.1",
          "resolved": "https://registry.npmjs.org/fbjs/-/fbjs-0.2.1.tgz",
          "integrity": "sha1-YiBhYwpD4R+EUBe5BEqqZI7T9zE="
        },
        "whatwg-fetch": {
          "version": "0.9.0",
          "resolved": "https://registry.npmjs.org/whatwg-fetch/-/whatwg-fetch-0.9.0.tgz",
          "integrity": "sha1-DjaExsuZlbQ+/J3wPkw2XZX9nMA="
        }
      }
    },
    "react-transform-render-visualizer": {
      "version": "0.4.0",
      "resolved": "https://registry.npmjs.org/react-transform-render-visualizer/-/react-transform-render-visualizer-0.4.0.tgz",
      "integrity": "sha1-esHlJ9njZjFCt9HsYhn1jL1X7xA=",
      "dev": true
    },
    "redux": {
      "version": "3.5.2",
      "resolved": "https://registry.npmjs.org/redux/-/redux-3.5.2.tgz",
      "integrity": "sha1-RTN0XpcLZH7CYGaoOqMOnib6+EM="
    },
    "redux-debug": {
      "version": "1.0.3",
      "resolved": "https://registry.npmjs.org/redux-debug/-/redux-debug-1.0.3.tgz",
      "integrity": "sha1-BKE66e/ijCsAZXKwbO3kLYllTVU=",
      "dev": true
    },
    "redux-devtools": {
      "version": "3.3.1",
      "resolved": "https://registry.npmjs.org/redux-devtools/-/redux-devtools-3.3.1.tgz",
      "integrity": "sha1-4u0LUzUxCTWiW7xzxgwJ5SIYKFA=",
      "dev": true
    },
    "redux-devtools-dispatch": {
      "version": "2.2.0",
      "resolved": "https://registry.npmjs.org/redux-devtools-dispatch/-/redux-devtools-dispatch-2.2.0.tgz",
      "integrity": "sha1-cYE4ncL0S7xRuyiT+MmhHYpWcvI=",
      "dev": true
    },
    "redux-devtools-dock-monitor": {
      "version": "1.1.1",
      "resolved": "https://registry.npmjs.org/redux-devtools-dock-monitor/-/redux-devtools-dock-monitor-1.1.1.tgz",
      "integrity": "sha1-bvT/WnxC9df6OcNIWaj0603umUc=",
      "dev": true
    },
    "redux-devtools-log-monitor": {
      "version": "1.0.11",
      "resolved": "https://registry.npmjs.org/redux-devtools-log-monitor/-/redux-devtools-log-monitor-1.0.11.tgz",
      "integrity": "sha1-PdhB7ti9sXM/fLgmVX6SyYLF7eg=",
      "dev": true,
      "dependencies": {
        "lodash.debounce": {
          "version": "4.0.8",
          "resolved": "https://registry.npmjs.org/lodash.debounce/-/lodash.debounce-4.0.8.tgz",
          "integrity": "sha1-gteb/zCmfEAF/9XiUVMArZyk168="
        }
      }
    },
    "redux-devtools-multiple-monitors": {
      "version": "1.0.1",
      "resolved": "https://registry.npmjs.org/redux-devtools-multiple-monitors/-/redux-devtools-multiple-monitors-1.0.1.tgz",
      "integrity": "sha1-7kVvYfRfdlxaNvqZOVLSrzMWIZk=",
      "dev": true
    },
    "redux-diff-logger": {
      "version": "0.0.9",
      "resolved": "https://registry.npmjs.org/redux-diff-logger/-/redux-diff-logger-0.0.9.tgz",
      "integrity": "sha1-Q8Wr4TFfwq79GkzC/yIiwhsoins=",
      "dev": true
    },
    "redux-favicon": {
      "version": "0.1.1",
      "resolved": "https://registry.npmjs.org/redux-favicon/-/redux-favicon-0.1.1.tgz",
      "integrity": "sha1-I20w5IUyelqfZCnijocYV1u4vBI=",
      "dev": true
    },
    "redux-freeze": {
      "version": "0.1.3",
      "resolved": "https://registry.npmjs.org/redux-freeze/-/redux-freeze-0.1.3.tgz",
      "integrity": "sha1-aYEQZTy4V1/8nE5nx/rGNiGgM58=",
      "dev": true
    },
    "redux-immutable-state-invariant": {
      "version": "1.2.3",
      "resolved": "https://registry.npmjs.org/redux-immutable-state-invariant/-/redux-immutable-state-invariant-1.2.3.tgz",
      "integrity": "sha1-2N8BwvOKtd8fQ0zSYTtejE6fnYM=",
      "dev": true
    },
    "redux-logger": {
      "version": "2.6.1",
      "resolved": "https://registry.npmjs.org/redux-logger/-/redux-logger-2.6.1.tgz",
      "integrity": "sha1-9VikDjq9A/6vTmms5Ncf7AmAPHQ=",
      "dev": true
    },
    "redux-notify": {
      "version": "0.1.1",
      "resolved": "https://registry.npmjs.org/redux-notify/-/redux-notify-0.1.1.tgz",
      "integrity": "sha1-BiclnSusXyxiiXttLiFsNRIRDwM=",
      "dev": true
    },
    "redux-perf-middleware": {
      "version": "1.0.1",
      "resolved": "https://registry.npmjs.org/redux-perf-middleware/-/redux-perf-middleware-1.0.1.tgz",
      "integrity": "sha1-pOMY5VX4YVJAk8/jC68Tm5ISja8=",
      "dev": true
    },
    "redux-sounds": {
      "version": "1.1.0",
      "resolved": "https://registry.npmjs.org/redux-sounds/-/redux-sounds-1.1.0.tgz",
      "integrity": "sha1-y8/ENyWijXC2zhr5824bILg8htg=",
      "dev": true
    },
    "redux-thunk": {
      "version": "2.1.0",
      "resolved": "https://registry.npmjs.org/redux-thunk/-/redux-thunk-2.1.0.tgz",
      "integrity": "sha1-xyS/7nXb41LaLjupvBQwK63Ympg="
    },
    "redux-unhandled-action": {
      "version": "1.1.0",
      "resolved": "https://registry.npmjs.org/redux-unhandled-action/-/redux-unhandled-action-1.1.0.tgz",
      "integrity": "sha1-BOBwtg9qFy5DyRi+WIUCtN6tOO8=",
      "dev": true
    },
    "require-from-string": {
      "version": "2.0.2",
      "resolved": "https://registry.npmjs.org/require-from-string/-/require-from-string-2.0.2.tgz",
      "integrity": "sha512-Xf0nWe6RseziFMu+Ap9biiUbmplq6S9/p+7w7YXP/JBHhrUDDUhwa+vANyubuqfZWTveU//DYVGsDG7RKL/vEw==",
      "dev": true
    },
    "rimraf": {
      "version": "2.5.2",
      "resolved": "https://registry.npmjs.org/rimraf/-/rimraf-2.5.2.tgz",
      "integrity": "sha1-YrqUf6TAtDY4Oa7+zU8PutYFlyY=",
      "dev": true,
      "dependencies": {
        "glob": {
          "version": "7.1.2",
          "resolved": "https://registry.npmjs.org/glob/-/glob-7.1.2.tgz",
          "integrity": "sha512-MJTUg1kjuLeQCJ+ccE4Vpa6kKVXkPYJ2mOCQyUuKLcLQsdrMCpBPUi8qVE6+YuaJkozeA9NusTAw3hLr8Xe5EQ=="
        },
        "minimatch": {
          "version": "3.0.4",
          "resolved": "https://registry.npmjs.org/minimatch/-/minimatch-3.0.4.tgz",
          "integrity": "sha512-yJHVQEhyqPLUTgt9B83PXu6W3rx4MvvHvSUvToogpwoGDOUQ+yDrR0HRot+yOCdCO7u4hX3pWft6kWBBcqh0UA=="
        }
      }
    },
    "sass-loader": {
      "version": "3.2.0",
      "resolved": "https://registry.npmjs.org/sass-loader/-/sass-loader-3.2.0.tgz",
      "integrity": "sha1-uQrGxx2ifP1uftpUCaWoAxk8Mps=",
      "dev": true,
      "dependencies": {
        "async": {
          "version": "1.5.2",
          "resolved": "https://registry.npmjs.org/async/-/async-1.5.2.tgz",
          "integrity": "sha1-7GphrlZIDAw8skHJVhjiCJL5Zyo="
        }
      }
    },
    "schema-utils": {
      "version": "4.2.0",
      "resolved": "https://registry.npmjs.org/schema-utils/-/schema-utils-4.2.0.tgz",
      "integrity": "sha512-L0jRsrPpjdckP3oPug3/VxNKt2trR8TcabrM6FOAAlvC/9Phcmm+cuAgTlxBqdBR1WJx7Naj9WHw+aOmheSVbw==",
      "dev": true,
      "requires": {
        "@types/json-schema": "^7.0.9",
        "ajv": "^8.9.0",
        "ajv-formats": "^2.1.1",
        "ajv-keywords": "^5.1.0"
      },
      "dependencies": {
        "ajv": {
          "version": "8.12.0",
          "resolved": "https://registry.npmjs.org/ajv/-/ajv-8.12.0.tgz",
          "integrity": "sha512-sRu1kpcO9yLtYxBKvqfTeh9KzZEwO3STyX1HT+4CaDzC6HpTGYhIhPIzj9XuKU7KYDwnaeh5hcOwjy1QuJzBPA==",
          "dev": true,
          "requires": {
            "fast-deep-equal": "^3.1.1",
            "json-schema-traverse": "^1.0.0",
            "require-from-string": "^2.0.2",
            "uri-js": "^4.2.2"
          }
        },
        "ajv-keywords": {
          "version": "5.1.0",
          "resolved": "https://registry.npmjs.org/ajv-keywords/-/ajv-keywords-5.1.0.tgz",
          "integrity": "sha512-YCS/JNFAUyr5vAuhk1DWm1CBxRHW9LbJ2ozWeemrIqpbsqKjHVxYPyi5GC0rjZIT5JxJ3virVTS8wk4i/Z+krw==",
          "dev": true,
          "requires": {
            "fast-deep-equal": "^3.1.3"
          }
        }
      }
    },
    "sinon": {
      "version": "1.17.4",
      "resolved": "https://registry.npmjs.org/sinon/-/sinon-1.17.4.tgz",
      "integrity": "sha1-Tk/02Esgre4TE482rLEyyhzXLIM=",
      "dev": true
    },
    "sinon-chai": {
      "version": "2.8.0",
      "resolved": "https://registry.npmjs.org/sinon-chai/-/sinon-chai-2.8.0.tgz",
      "integrity": "sha1-Qyqbv9Uab8AHmPTSUmqCnAYGh6w=",
      "dev": true
    },
    "style-loader": {
      "version": "0.13.1",
      "resolved": "https://registry.npmjs.org/style-loader/-/style-loader-0.13.1.tgz",
      "integrity": "sha1-RoKA77wEcwI806bNVuM7Wh1/w6k=",
      "dev": true
    },
    "uri-js": {
      "version": "4.4.1",
      "resolved": "https://registry.npmjs.org/uri-js/-/uri-js-4.4.1.tgz",
      "integrity": "sha512-7rKUyy33Q1yc98pQ1DAmLtwX109F7TIfWlW1Ydo8Wl1ii1SeHieeh0HHfPeL2fMXK6z0s8ecKs9frCuLJvndBg==",
      "dev": true,
      "requires": {
        "punycode": "^2.1.0"
      },
      "dependencies": {
        "punycode": {
          "version": "2.3.1",
          "resolved": "https://registry.npmjs.org/punycode/-/punycode-2.3.1.tgz",
          "integrity": "sha512-vYt7UD1U9Wg6138shLtLOvdAu+8DsC/ilFtEVHcH+wydcSpNE20AfSOduf6MkRFahL5FY7X1oU7nKVZFtfq8Fg==",
          "dev": true
        }
      }
    },
    "webpack": {
      "version": "1.13.1",
      "resolved": "https://registry.npmjs.org/webpack/-/webpack-1.13.1.tgz",
      "integrity": "sha1-CmnojlvcWTk5NS1dd94PmsnQhx4=",
      "dev": true,
      "dependencies": {
        "acorn": {
          "version": "3.3.0",
          "resolved": "https://registry.npmjs.org/acorn/-/acorn-3.3.0.tgz",
          "integrity": "sha1-ReN/s56No/JbruP/U2niu18iAXo="
        },
        "async": {
          "version": "1.5.2",
          "resolved": "https://registry.npmjs.org/async/-/async-1.5.2.tgz",
          "integrity": "sha1-7GphrlZIDAw8skHJVhjiCJL5Zyo="
        },
        "supports-color": {
          "version": "3.2.3",
          "resolved": "https://registry.npmjs.org/supports-color/-/supports-color-3.2.3.tgz",
          "integrity": "sha1-ZawFBLOVQXHYpklGsq48u4pfVPY="
        }
      }
    },
    "webpack-dev-middleware": {
      "version": "5.3.4",
      "resolved": "https://registry.npmjs.org/webpack-dev-middleware/-/webpack-dev-middleware-5.3.4.tgz",
      "integrity": "sha512-BVdTqhhs+0IfoeAf7EoH5WE+exCmqGerHfDM0IL096Px60Tq2Mn9MAbnaGUe6HiMa41KMCYF19gyzZmBcq/o4Q==",
      "dev": true,
      "requires": {
        "colorette": "^2.0.10",
        "memfs": "^3.4.3",
        "mime-types": "^2.1.31",
        "range-parser": "^1.2.1",
        "schema-utils": "^4.0.0"
      },
      "dependencies": {
        "mime-db": {
          "version": "1.52.0",
          "resolved": "https://registry.npmjs.org/mime-db/-/mime-db-1.52.0.tgz",
          "integrity": "sha512-sPU4uV7dYlvtWJxwwxHD0PuihVNiE7TyAbQ5SWxDCB9mUYvOgroQOwYQQOKPJ8CIbE+1ETVlOoK1UC2nU3gYvg==",
          "dev": true
        },
        "mime-types": {
          "version": "2.1.35",
          "resolved": "https://registry.npmjs.org/mime-types/-/mime-types-2.1.35.tgz",
          "integrity": "sha512-ZDY+bPm5zTTF+YpCrAU9nK0UgICYPT0QtT1NZWFv4s++TNkcgVaT0g6+4R2uI4MjQjzysHB1zxuWL50hzaeXiw==",
          "dev": true,
          "requires": {
            "mime-db": "1.52.0"
          }
        },
        "range-parser": {
          "version": "1.2.1",
          "resolved": "https://registry.npmjs.org/range-parser/-/range-parser-1.2.1.tgz",
          "integrity": "sha512-Hrgsx+orqoygnmhFbKaHE6c296J+HTAQXoxEF6gNupROmmGJRoyzfG3ccAveqCBrwr/2yxQ5BVd/GTl5agOwSg==",
          "dev": true
        }
      }
    },
    "webpack-hot-middleware": {
      "version": "2.10.0",
      "resolved": "https://registry.npmjs.org/webpack-hot-middleware/-/webpack-hot-middleware-2.10.0.tgz",
      "integrity": "sha1-qk1s7bmXnT97XjOZm+OA8SEg/HQ=",
      "dev": true
    },
    "why-did-you-update": {
      "version": "0.0.8",
      "resolved": "https://registry.npmjs.org/why-did-you-update/-/why-did-you-update-0.0.8.tgz",
      "integrity": "sha1-OJ2X3WwUfh7byfXVRw1E2YXIrjg=",
      "dev": true,
      "dependencies": {
        "lodash": {
          "version": "4.12.0",
          "resolved": "https://registry.npmjs.org/lodash/-/lodash-4.12.0.tgz",
          "integrity": "sha1-K9bcRqBA9Z5obJcu0h2T3FkFMlg="
        }
      }
    }
  }
}
